// !$*UTF8*$!
{
	archiveVersion = 1;
	classes = {
	};
	objectVersion = 46;
	objects = {

/* Begin PBXBuildFile section */
		359F4E0F1E65A1280088F828 /* AppDelegate.swift in Sources */ = {isa = PBXBuildFile; fileRef = 359F4E0E1E65A1280088F828 /* AppDelegate.swift */; };
		359F4E111E65A1280088F828 /* LoginViewController.swift in Sources */ = {isa = PBXBuildFile; fileRef = 359F4E101E65A1280088F828 /* LoginViewController.swift */; };
		359F4E141E65A1280088F828 /* Main.storyboard in Resources */ = {isa = PBXBuildFile; fileRef = 359F4E121E65A1280088F828 /* Main.storyboard */; };
		359F4E161E65A1280088F828 /* Assets.xcassets in Resources */ = {isa = PBXBuildFile; fileRef = 359F4E151E65A1280088F828 /* Assets.xcassets */; };
		359F4E191E65A1280088F828 /* LaunchScreen.storyboard in Resources */ = {isa = PBXBuildFile; fileRef = 359F4E171E65A1280088F828 /* LaunchScreen.storyboard */; };
		359F4E291E65B46E0088F828 /* TasksViewController.swift in Sources */ = {isa = PBXBuildFile; fileRef = 359F4E281E65B46E0088F828 /* TasksViewController.swift */; };
		46F97C25D5C0CAA59A563D3C /* Pods_ToDoFIRE.framework in Frameworks */ = {isa = PBXBuildFile; fileRef = 3C9B8089A2E474BBD770FA6C /* Pods_ToDoFIRE.framework */; };
		F71B607E2701BCA900EFDA18 /* Task.swift in Sources */ = {isa = PBXBuildFile; fileRef = F71B607D2701BCA900EFDA18 /* Task.swift */; };
		F71B60802701BCB100EFDA18 /* LocalUser.swift in Sources */ = {isa = PBXBuildFile; fileRef = F71B607F2701BCB000EFDA18 /* LocalUser.swift */; };
		F71B60832701D8E300EFDA18 /* GoogleService-Info.plist in Resources */ = {isa = PBXBuildFile; fileRef = F71B60822701D8E200EFDA18 /* GoogleService-Info.plist */; };
/* End PBXBuildFile section */

/* Begin PBXFileReference section */
		359F4E0B1E65A1280088F828 /* ToDoFIRE.app */ = {isa = PBXFileReference; explicitFileType = wrapper.application; includeInIndex = 0; path = ToDoFIRE.app; sourceTree = BUILT_PRODUCTS_DIR; };
		359F4E0E1E65A1280088F828 /* AppDelegate.swift */ = {isa = PBXFileReference; lastKnownFileType = sourcecode.swift; path = AppDelegate.swift; sourceTree = "<group>"; };
		359F4E101E65A1280088F828 /* LoginViewController.swift */ = {isa = PBXFileReference; lastKnownFileType = sourcecode.swift; path = LoginViewController.swift; sourceTree = "<group>"; };
		359F4E131E65A1280088F828 /* Base */ = {isa = PBXFileReference; lastKnownFileType = file.storyboard; name = Base; path = Base.lproj/Main.storyboard; sourceTree = "<group>"; };
		359F4E151E65A1280088F828 /* Assets.xcassets */ = {isa = PBXFileReference; lastKnownFileType = folder.assetcatalog; path = Assets.xcassets; sourceTree = "<group>"; };
		359F4E181E65A1280088F828 /* Base */ = {isa = PBXFileReference; lastKnownFileType = file.storyboard; name = Base; path = Base.lproj/LaunchScreen.storyboard; sourceTree = "<group>"; };
		359F4E1A1E65A1280088F828 /* Info.plist */ = {isa = PBXFileReference; lastKnownFileType = text.plist.xml; path = Info.plist; sourceTree = "<group>"; };
		359F4E281E65B46E0088F828 /* TasksViewController.swift */ = {isa = PBXFileReference; fileEncoding = 4; lastKnownFileType = sourcecode.swift; path = TasksViewController.swift; sourceTree = "<group>"; };
		35F89A6340153D16D4EFC156 /* Pods-ToDoFIRE.debug.xcconfig */ = {isa = PBXFileReference; includeInIndex = 1; lastKnownFileType = text.xcconfig; name = "Pods-ToDoFIRE.debug.xcconfig"; path = "Target Support Files/Pods-ToDoFIRE/Pods-ToDoFIRE.debug.xcconfig"; sourceTree = "<group>"; };
		3C9B8089A2E474BBD770FA6C /* Pods_ToDoFIRE.framework */ = {isa = PBXFileReference; explicitFileType = wrapper.framework; includeInIndex = 0; path = Pods_ToDoFIRE.framework; sourceTree = BUILT_PRODUCTS_DIR; };
		766D1402581DAF31D7904AB2 /* Pods-ToDoFIRE.release.xcconfig */ = {isa = PBXFileReference; includeInIndex = 1; lastKnownFileType = text.xcconfig; name = "Pods-ToDoFIRE.release.xcconfig"; path = "Target Support Files/Pods-ToDoFIRE/Pods-ToDoFIRE.release.xcconfig"; sourceTree = "<group>"; };
		F71B607D2701BCA900EFDA18 /* Task.swift */ = {isa = PBXFileReference; lastKnownFileType = sourcecode.swift; path = Task.swift; sourceTree = "<group>"; };
		F71B607F2701BCB000EFDA18 /* LocalUser.swift */ = {isa = PBXFileReference; lastKnownFileType = sourcecode.swift; path = LocalUser.swift; sourceTree = "<group>"; };
		F71B60822701D8E200EFDA18 /* GoogleService-Info.plist */ = {isa = PBXFileReference; fileEncoding = 4; lastKnownFileType = text.plist.xml; path = "GoogleService-Info.plist"; sourceTree = "<group>"; };
/* End PBXFileReference section */

/* Begin PBXFrameworksBuildPhase section */
		359F4E081E65A1280088F828 /* Frameworks */ = {
			isa = PBXFrameworksBuildPhase;
			buildActionMask = 2147483647;
			files = (
				46F97C25D5C0CAA59A563D3C /* Pods_ToDoFIRE.framework in Frameworks */,
			);
			runOnlyForDeploymentPostprocessing = 0;
		};
/* End PBXFrameworksBuildPhase section */

/* Begin PBXGroup section */
		20DCA577ED9E27EE2758904F /* Pods */ = {
			isa = PBXGroup;
			children = (
				35F89A6340153D16D4EFC156 /* Pods-ToDoFIRE.debug.xcconfig */,
				766D1402581DAF31D7904AB2 /* Pods-ToDoFIRE.release.xcconfig */,
			);
			path = Pods;
			sourceTree = "<group>";
		};
		359F4E021E65A1280088F828 = {
			isa = PBXGroup;
			children = (
				359F4E0D1E65A1280088F828 /* ToDoFIRE */,
				359F4E0C1E65A1280088F828 /* Products */,
				20DCA577ED9E27EE2758904F /* Pods */,
				879A912F1CF52F80BA298F7C /* Frameworks */,
			);
			sourceTree = "<group>";
		};
		359F4E0C1E65A1280088F828 /* Products */ = {
			isa = PBXGroup;
			children = (
				359F4E0B1E65A1280088F828 /* ToDoFIRE.app */,
			);
			name = Products;
			sourceTree = "<group>";
		};
		359F4E0D1E65A1280088F828 /* ToDoFIRE */ = {
			isa = PBXGroup;
			children = (
				F71B60812701BCB800EFDA18 /* Models */,
				359F4E271E65B45C0088F828 /* Controllers */,
				359F4E261E65B4540088F828 /* Supporting files */,
			);
			path = ToDoFIRE;
			sourceTree = "<group>";
		};
		359F4E261E65B4540088F828 /* Supporting files */ = {
			isa = PBXGroup;
			children = (
				359F4E0E1E65A1280088F828 /* AppDelegate.swift */,
				359F4E121E65A1280088F828 /* Main.storyboard */,
				359F4E151E65A1280088F828 /* Assets.xcassets */,
				359F4E171E65A1280088F828 /* LaunchScreen.storyboard */,
				359F4E1A1E65A1280088F828 /* Info.plist */,
				F71B60822701D8E200EFDA18 /* GoogleService-Info.plist */,
			);
			name = "Supporting files";
			sourceTree = "<group>";
		};
		359F4E271E65B45C0088F828 /* Controllers */ = {
			isa = PBXGroup;
			children = (
				359F4E101E65A1280088F828 /* LoginViewController.swift */,
				359F4E281E65B46E0088F828 /* TasksViewController.swift */,
			);
			name = Controllers;
			sourceTree = "<group>";
		};
		879A912F1CF52F80BA298F7C /* Frameworks */ = {
			isa = PBXGroup;
			children = (
				3C9B8089A2E474BBD770FA6C /* Pods_ToDoFIRE.framework */,
			);
			name = Frameworks;
			sourceTree = "<group>";
		};
		F71B60812701BCB800EFDA18 /* Models */ = {
			isa = PBXGroup;
			children = (
				F71B607D2701BCA900EFDA18 /* Task.swift */,
				F71B607F2701BCB000EFDA18 /* LocalUser.swift */,
			);
			name = Models;
			sourceTree = "<group>";
		};
/* End PBXGroup section */

/* Begin PBXNativeTarget section */
		359F4E0A1E65A1280088F828 /* ToDoFIRE */ = {
			isa = PBXNativeTarget;
			buildConfigurationList = 359F4E1D1E65A1280088F828 /* Build configuration list for PBXNativeTarget "ToDoFIRE" */;
			buildPhases = (
				130D11BBF6A65C6FA9A4D7BE /* [CP] Check Pods Manifest.lock */,
				359F4E071E65A1280088F828 /* Sources */,
				359F4E081E65A1280088F828 /* Frameworks */,
				359F4E091E65A1280088F828 /* Resources */,
				D0949ABF2041D701B180B3B4 /* [CP] Embed Pods Frameworks */,
			);
			buildRules = (
			);
			dependencies = (
			);
			name = ToDoFIRE;
			productName = ToDoFIRE;
			productReference = 359F4E0B1E65A1280088F828 /* ToDoFIRE.app */;
			productType = "com.apple.product-type.application";
		};
/* End PBXNativeTarget section */

/* Begin PBXProject section */
		359F4E031E65A1280088F828 /* Project object */ = {
			isa = PBXProject;
			attributes = {
				LastSwiftUpdateCheck = 0820;
				LastUpgradeCheck = 1250;
				ORGANIZATIONNAME = "Ivan Akulov";
				TargetAttributes = {
					359F4E0A1E65A1280088F828 = {
						CreatedOnToolsVersion = 8.2.1;
						ProvisioningStyle = Automatic;
					};
				};
			};
			buildConfigurationList = 359F4E061E65A1280088F828 /* Build configuration list for PBXProject "ToDoFIRE" */;
			compatibilityVersion = "Xcode 3.2";
			developmentRegion = en;
			hasScannedForEncodings = 0;
			knownRegions = (
				en,
				Base,
			);
			mainGroup = 359F4E021E65A1280088F828;
			productRefGroup = 359F4E0C1E65A1280088F828 /* Products */;
			projectDirPath = "";
			projectRoot = "";
			targets = (
				359F4E0A1E65A1280088F828 /* ToDoFIRE */,
			);
		};
/* End PBXProject section */

/* Begin PBXResourcesBuildPhase section */
		359F4E091E65A1280088F828 /* Resources */ = {
			isa = PBXResourcesBuildPhase;
			buildActionMask = 2147483647;
			files = (
				359F4E191E65A1280088F828 /* LaunchScreen.storyboard in Resources */,
				359F4E161E65A1280088F828 /* Assets.xcassets in Resources */,
				F71B60832701D8E300EFDA18 /* GoogleService-Info.plist in Resources */,
				359F4E141E65A1280088F828 /* Main.storyboard in Resources */,
			);
			runOnlyForDeploymentPostprocessing = 0;
		};
/* End PBXResourcesBuildPhase section */

/* Begin PBXShellScriptBuildPhase section */
		130D11BBF6A65C6FA9A4D7BE /* [CP] Check Pods Manifest.lock */ = {
			isa = PBXShellScriptBuildPhase;
			buildActionMask = 2147483647;
			files = (
			);
			inputFileListPaths = (
			);
			inputPaths = (
				"${PODS_PODFILE_DIR_PATH}/Podfile.lock",
				"${PODS_ROOT}/Manifest.lock",
			);
			name = "[CP] Check Pods Manifest.lock";
			outputFileListPaths = (
			);
			outputPaths = (
				"$(DERIVED_FILE_DIR)/Pods-ToDoFIRE-checkManifestLockResult.txt",
			);
			runOnlyForDeploymentPostprocessing = 0;
			shellPath = /bin/sh;
			shellScript = "diff \"${PODS_PODFILE_DIR_PATH}/Podfile.lock\" \"${PODS_ROOT}/Manifest.lock\" > /dev/null\nif [ $? != 0 ] ; then\n    # print error to STDERR\n    echo \"error: The sandbox is not in sync with the Podfile.lock. Run 'pod install' or update your CocoaPods installation.\" >&2\n    exit 1\nfi\n# This output is used by Xcode 'outputs' to avoid re-running this script phase.\necho \"SUCCESS\" > \"${SCRIPT_OUTPUT_FILE_0}\"\n";
			showEnvVarsInLog = 0;
		};
		D0949ABF2041D701B180B3B4 /* [CP] Embed Pods Frameworks */ = {
			isa = PBXShellScriptBuildPhase;
			buildActionMask = 2147483647;
			files = (
			);
			inputPaths = (
				"${PODS_ROOT}/Target Support Files/Pods-ToDoFIRE/Pods-ToDoFIRE-frameworks.sh",
				"${BUILT_PRODUCTS_DIR}/FirebaseAuth/FirebaseAuth.framework",
				"${BUILT_PRODUCTS_DIR}/FirebaseCore/FirebaseCore.framework",
				"${BUILT_PRODUCTS_DIR}/FirebaseCoreDiagnostics/FirebaseCoreDiagnostics.framework",
				"${BUILT_PRODUCTS_DIR}/FirebaseDatabase/FirebaseDatabase.framework",
				"${BUILT_PRODUCTS_DIR}/FirebaseInstallations/FirebaseInstallations.framework",
				"${BUILT_PRODUCTS_DIR}/GTMSessionFetcher/GTMSessionFetcher.framework",
				"${BUILT_PRODUCTS_DIR}/GoogleDataTransport/GoogleDataTransport.framework",
				"${BUILT_PRODUCTS_DIR}/GoogleUtilities/GoogleUtilities.framework",
				"${BUILT_PRODUCTS_DIR}/PromisesObjC/FBLPromises.framework",
				"${BUILT_PRODUCTS_DIR}/leveldb-library/leveldb.framework",
				"${BUILT_PRODUCTS_DIR}/nanopb/nanopb.framework",
			);
			name = "[CP] Embed Pods Frameworks";
			outputPaths = (
				"${TARGET_BUILD_DIR}/${FRAMEWORKS_FOLDER_PATH}/FirebaseAuth.framework",
				"${TARGET_BUILD_DIR}/${FRAMEWORKS_FOLDER_PATH}/FirebaseCore.framework",
				"${TARGET_BUILD_DIR}/${FRAMEWORKS_FOLDER_PATH}/FirebaseCoreDiagnostics.framework",
				"${TARGET_BUILD_DIR}/${FRAMEWORKS_FOLDER_PATH}/FirebaseDatabase.framework",
				"${TARGET_BUILD_DIR}/${FRAMEWORKS_FOLDER_PATH}/FirebaseInstallations.framework",
				"${TARGET_BUILD_DIR}/${FRAMEWORKS_FOLDER_PATH}/GTMSessionFetcher.framework",
				"${TARGET_BUILD_DIR}/${FRAMEWORKS_FOLDER_PATH}/GoogleDataTransport.framework",
				"${TARGET_BUILD_DIR}/${FRAMEWORKS_FOLDER_PATH}/GoogleUtilities.framework",
				"${TARGET_BUILD_DIR}/${FRAMEWORKS_FOLDER_PATH}/FBLPromises.framework",
				"${TARGET_BUILD_DIR}/${FRAMEWORKS_FOLDER_PATH}/leveldb.framework",
				"${TARGET_BUILD_DIR}/${FRAMEWORKS_FOLDER_PATH}/nanopb.framework",
			);
			runOnlyForDeploymentPostprocessing = 0;
			shellPath = /bin/sh;
			shellScript = "\"${PODS_ROOT}/Target Support Files/Pods-ToDoFIRE/Pods-ToDoFIRE-frameworks.sh\"\n";
			showEnvVarsInLog = 0;
		};
/* End PBXShellScriptBuildPhase section */

/* Begin PBXSourcesBuildPhase section */
		359F4E071E65A1280088F828 /* Sources */ = {
			isa = PBXSourcesBuildPhase;
			buildActionMask = 2147483647;
			files = (
				F71B607E2701BCA900EFDA18 /* Task.swift in Sources */,
				359F4E111E65A1280088F828 /* LoginViewController.swift in Sources */,
				359F4E0F1E65A1280088F828 /* AppDelegate.swift in Sources */,
				F71B60802701BCB100EFDA18 /* LocalUser.swift in Sources */,
				359F4E291E65B46E0088F828 /* TasksViewController.swift in Sources */,
			);
			runOnlyForDeploymentPostprocessing = 0;
		};
/* End PBXSourcesBuildPhase section */

/* Begin PBXVariantGroup section */
		359F4E121E65A1280088F828 /* Main.storyboard */ = {
			isa = PBXVariantGroup;
			children = (
				359F4E131E65A1280088F828 /* Base */,
			);
			name = Main.storyboard;
			sourceTree = "<group>";
		};
		359F4E171E65A1280088F828 /* LaunchScreen.storyboard */ = {
			isa = PBXVariantGroup;
			children = (
				359F4E181E65A1280088F828 /* Base */,
			);
			name = LaunchScreen.storyboard;
			sourceTree = "<group>";
		};
/* End PBXVariantGroup section */

/* Begin XCBuildConfiguration section */
		359F4E1B1E65A1280088F828 /* Debug */ = {
			isa = XCBuildConfiguration;
			buildSettings = {
				ALWAYS_SEARCH_USER_PATHS = NO;
				CLANG_ANALYZER_LOCALIZABILITY_NONLOCALIZED = YES;
				CLANG_ANALYZER_NONNULL = YES;
				CLANG_CXX_LANGUAGE_STANDARD = "gnu++0x";
				CLANG_CXX_LIBRARY = "libc++";
				CLANG_ENABLE_MODULES = YES;
				CLANG_ENABLE_OBJC_ARC = YES;
				CLANG_WARN_BLOCK_CAPTURE_AUTORELEASING = YES;
				CLANG_WARN_BOOL_CONVERSION = YES;
				CLANG_WARN_COMMA = YES;
				CLANG_WARN_CONSTANT_CONVERSION = YES;
				CLANG_WARN_DEPRECATED_OBJC_IMPLEMENTATIONS = YES;
				CLANG_WARN_DIRECT_OBJC_ISA_USAGE = YES_ERROR;
				CLANG_WARN_DOCUMENTATION_COMMENTS = YES;
				CLANG_WARN_EMPTY_BODY = YES;
				CLANG_WARN_ENUM_CONVERSION = YES;
				CLANG_WARN_INFINITE_RECURSION = YES;
				CLANG_WARN_INT_CONVERSION = YES;
				CLANG_WARN_NON_LITERAL_NULL_CONVERSION = YES;
				CLANG_WARN_OBJC_IMPLICIT_RETAIN_SELF = YES;
				CLANG_WARN_OBJC_LITERAL_CONVERSION = YES;
				CLANG_WARN_OBJC_ROOT_CLASS = YES_ERROR;
				CLANG_WARN_QUOTED_INCLUDE_IN_FRAMEWORK_HEADER = YES;
				CLANG_WARN_RANGE_LOOP_ANALYSIS = YES;
				CLANG_WARN_STRICT_PROTOTYPES = YES;
				CLANG_WARN_SUSPICIOUS_MOVE = YES;
				CLANG_WARN_UNREACHABLE_CODE = YES;
				CLANG_WARN__DUPLICATE_METHOD_MATCH = YES;
				"CODE_SIGN_IDENTITY[sdk=iphoneos*]" = "iPhone Developer";
				COPY_PHASE_STRIP = NO;
				DEBUG_INFORMATION_FORMAT = dwarf;
				ENABLE_STRICT_OBJC_MSGSEND = YES;
				ENABLE_TESTABILITY = YES;
				GCC_C_LANGUAGE_STANDARD = gnu99;
				GCC_DYNAMIC_NO_PIC = NO;
				GCC_NO_COMMON_BLOCKS = YES;
				GCC_OPTIMIZATION_LEVEL = 0;
				GCC_PREPROCESSOR_DEFINITIONS = (
					"DEBUG=1",
					"$(inherited)",
				);
				GCC_WARN_64_TO_32_BIT_CONVERSION = YES;
				GCC_WARN_ABOUT_RETURN_TYPE = YES_ERROR;
				GCC_WARN_UNDECLARED_SELECTOR = YES;
				GCC_WARN_UNINITIALIZED_AUTOS = YES_AGGRESSIVE;
				GCC_WARN_UNUSED_FUNCTION = YES;
				GCC_WARN_UNUSED_VARIABLE = YES;
				IPHONEOS_DEPLOYMENT_TARGET = 14.1;
				MTL_ENABLE_DEBUG_INFO = YES;
				ONLY_ACTIVE_ARCH = YES;
				SDKROOT = iphoneos;
				SWIFT_ACTIVE_COMPILATION_CONDITIONS = DEBUG;
				SWIFT_OPTIMIZATION_LEVEL = "-Onone";
			};
			name = Debug;
		};
		359F4E1C1E65A1280088F828 /* Release */ = {
			isa = XCBuildConfiguration;
			buildSettings = {
				ALWAYS_SEARCH_USER_PATHS = NO;
				CLANG_ANALYZER_LOCALIZABILITY_NONLOCALIZED = YES;
				CLANG_ANALYZER_NONNULL = YES;
				CLANG_CXX_LANGUAGE_STANDARD = "gnu++0x";
				CLANG_CXX_LIBRARY = "libc++";
				CLANG_ENABLE_MODULES = YES;
				CLANG_ENABLE_OBJC_ARC = YES;
				CLANG_WARN_BLOCK_CAPTURE_AUTORELEASING = YES;
				CLANG_WARN_BOOL_CONVERSION = YES;
				CLANG_WARN_COMMA = YES;
				CLANG_WARN_CONSTANT_CONVERSION = YES;
				CLANG_WARN_DEPRECATED_OBJC_IMPLEMENTATIONS = YES;
				CLANG_WARN_DIRECT_OBJC_ISA_USAGE = YES_ERROR;
				CLANG_WARN_DOCUMENTATION_COMMENTS = YES;
				CLANG_WARN_EMPTY_BODY = YES;
				CLANG_WARN_ENUM_CONVERSION = YES;
				CLANG_WARN_INFINITE_RECURSION = YES;
				CLANG_WARN_INT_CONVERSION = YES;
				CLANG_WARN_NON_LITERAL_NULL_CONVERSION = YES;
				CLANG_WARN_OBJC_IMPLICIT_RETAIN_SELF = YES;
				CLANG_WARN_OBJC_LITERAL_CONVERSION = YES;
				CLANG_WARN_OBJC_ROOT_CLASS = YES_ERROR;
				CLANG_WARN_QUOTED_INCLUDE_IN_FRAMEWORK_HEADER = YES;
				CLANG_WARN_RANGE_LOOP_ANALYSIS = YES;
				CLANG_WARN_STRICT_PROTOTYPES = YES;
				CLANG_WARN_SUSPICIOUS_MOVE = YES;
				CLANG_WARN_UNREACHABLE_CODE = YES;
				CLANG_WARN__DUPLICATE_METHOD_MATCH = YES;
				"CODE_SIGN_IDENTITY[sdk=iphoneos*]" = "iPhone Developer";
				COPY_PHASE_STRIP = NO;
				DEBUG_INFORMATION_FORMAT = "dwarf-with-dsym";
				ENABLE_NS_ASSERTIONS = NO;
				ENABLE_STRICT_OBJC_MSGSEND = YES;
				GCC_C_LANGUAGE_STANDARD = gnu99;
				GCC_NO_COMMON_BLOCKS = YES;
				GCC_WARN_64_TO_32_BIT_CONVERSION = YES;
				GCC_WARN_ABOUT_RETURN_TYPE = YES_ERROR;
				GCC_WARN_UNDECLARED_SELECTOR = YES;
				GCC_WARN_UNINITIALIZED_AUTOS = YES_AGGRESSIVE;
				GCC_WARN_UNUSED_FUNCTION = YES;
				GCC_WARN_UNUSED_VARIABLE = YES;
				IPHONEOS_DEPLOYMENT_TARGET = 14.1;
				MTL_ENABLE_DEBUG_INFO = NO;
				SDKROOT = iphoneos;
				SWIFT_OPTIMIZATION_LEVEL = "-Owholemodule";
				VALIDATE_PRODUCT = YES;
			};
			name = Release;
		};
		359F4E1E1E65A1280088F828 /* Debug */ = {
			isa = XCBuildConfiguration;
			baseConfigurationReference = 35F89A6340153D16D4EFC156 /* Pods-ToDoFIRE.debug.xcconfig */;
			buildSettings = {
				ASSETCATALOG_COMPILER_APPICON_NAME = AppIcon;
				INFOPLIST_FILE = ToDoFIRE/Info.plist;
				IPHONEOS_DEPLOYMENT_TARGET = 14.1;
				LD_RUNPATH_SEARCH_PATHS = "$(inherited) @executable_path/Frameworks";
				PRODUCT_BUNDLE_IDENTIFIER = ru.swiftbook.ToDoFIRE;
				PRODUCT_NAME = "$(TARGET_NAME)";
				SWIFT_VERSION = 5.0;
			};
			name = Debug;
		};
		359F4E1F1E65A1280088F828 /* Release */ = {
			isa = XCBuildConfiguration;
			baseConfigurationReference = 766D1402581DAF31D7904AB2 /* Pods-ToDoFIRE.release.xcconfig */;
			buildSettings = {
				ASSETCATALOG_COMPILER_APPICON_NAME = AppIcon;
				INFOPLIST_FILE = ToDoFIRE/Info.plist;
				IPHONEOS_DEPLOYMENT_TARGET = 14.1;
				LD_RUNPATH_SEARCH_PATHS = "$(inherited) @executable_path/Frameworks";
				PRODUCT_BUNDLE_IDENTIFIER = ru.swiftbook.ToDoFIRE;
				PRODUCT_NAME = "$(TARGET_NAME)";
				SWIFT_VERSION = 5.0;
			};
			name = Release;
		};
/* End XCBuildConfiguration section */

/* Begin XCConfigurationList section */
		359F4E061E65A1280088F828 /* Build configuration list for PBXProject "ToDoFIRE" */ = {
			isa = XCConfigurationList;
			buildConfigurations = (
				359F4E1B1E65A1280088F828 /* Debug */,
				359F4E1C1E65A1280088F828 /* Release */,
			);
			defaultConfigurationIsVisible = 0;
			defaultConfigurationName = Release;
		};
		359F4E1D1E65A1280088F828 /* Build configuration list for PBXNativeTarget "ToDoFIRE" */ = {
			isa = XCConfigurationList;
			buildConfigurations = (
				359F4E1E1E65A1280088F828 /* Debug */,
				359F4E1F1E65A1280088F828 /* Release */,
			);
			defaultConfigurationIsVisible = 0;
			defaultConfigurationName = Release;
		};
/* End XCConfigurationList section */
	};
	rootObject = 359F4E031E65A1280088F828 /* Project object */;
}
